{
  "name": "proyecto-final-pysw-grupo01",
  "lockfileVersion": 2,
  "requires": true,
  "packages": {
    "": {
      "dependencies": {
        "chart.js": "^4.3.0",
        "ngx-chartjs": "^0.0.1"
      }
    },
    "node_modules/@kurkle/color": {
      "version": "0.3.2",
      "resolved": "https://registry.npmjs.org/@kurkle/color/-/color-0.3.2.tgz",
      "integrity": "sha512-fuscdXJ9G1qb7W8VdHi+IwRqij3lBkosAm4ydQtEmbY58OzHXqQhvlxqEkoz0yssNVn38bcpRWgA9PP+OGoisw=="
    },
    "node_modules/chart.js": {
      "version": "4.3.0",
      "resolved": "https://registry.npmjs.org/chart.js/-/chart.js-4.3.0.tgz",
      "integrity": "sha512-ynG0E79xGfMaV2xAHdbhwiPLczxnNNnasrmPEXriXsPJGjmhOBYzFVEsB65w2qMDz+CaBJJuJD0inE/ab/h36g==",
      "dependencies": {
        "@kurkle/color": "^0.3.0"
      },
      "engines": {
        "pnpm": ">=7"
      }
    },
    "node_modules/ngx-chartjs": {
      "version": "0.0.1",
      "resolved": "https://registry.npmjs.org/ngx-chartjs/-/ngx-chartjs-0.0.1.tgz",
      "integrity": "sha512-ZgTedmIBTQxolP0MpojtUdgg5r92BcZKbbYipqh9ZuU4pK5EO7dt9UnShSNmMi/V+JyEy2pCRUICe1cgX6fw/w=="
    }
  },
  "dependencies": {
    "@kurkle/color": {
      "version": "0.3.2",
      "resolved": "https://registry.npmjs.org/@kurkle/color/-/color-0.3.2.tgz",
      "integrity": "sha512-fuscdXJ9G1qb7W8VdHi+IwRqij3lBkosAm4ydQtEmbY58OzHXqQhvlxqEkoz0yssNVn38bcpRWgA9PP+OGoisw=="
    },
    "chart.js": {
      "version": "4.3.0",
      "resolved": "https://registry.npmjs.org/chart.js/-/chart.js-4.3.0.tgz",
      "integrity": "sha512-ynG0E79xGfMaV2xAHdbhwiPLczxnNNnasrmPEXriXsPJGjmhOBYzFVEsB65w2qMDz+CaBJJuJD0inE/ab/h36g==",
      "requires": {
        "@kurkle/color": "^0.3.0"
      }
    },
    "ngx-chartjs": {
      "version": "0.0.1",
      "resolved": "https://registry.npmjs.org/ngx-chartjs/-/ngx-chartjs-0.0.1.tgz",
      "integrity": "sha512-ZgTedmIBTQxolP0MpojtUdgg5r92BcZKbbYipqh9ZuU4pK5EO7dt9UnShSNmMi/V+JyEy2pCRUICe1cgX6fw/w=="
    }
  }
}
